
Microsoft Visual Studio Solution File, Format Version 12.00
# Visual Studio Version 17
VisualStudioVersion = 17.3.32804.467
MinimumVisualStudioVersion = 10.0.40219.1
Project("{8BC9CEB8-8B4A-11D0-8D11-00A0C91BC942}") = "内存分区模型", "内存分区模型\内存分区模型.vcxproj", "{C1BB648C-34EF-4278-888C-DB9CA61BD0F2}"
EndProject
Global
	GlobalSection(SolutionConfigurationPlatforms) = preSolution
		Debug|x64 = Debug|x64
		Debug|x86 = Debug|x86
		Release|x64 = Release|x64
		Release|x86 = Release|x86
	EndGlobalSection
	GlobalSection(ProjectConfigurationPlatforms) = postSolution
		{C1BB648C-34EF-4278-888C-DB9CA61BD0F2}.Debug|x64.ActiveCfg = Debug|x64
		{C1BB648C-34EF-4278-888C-DB9CA61BD0F2}.Debug|x64.Build.0 = Debug|x64
		{C1BB648C-34EF-4278-888C-DB9CA61BD0F2}.Debug|x86.ActiveCfg = Debug|Win32
		{C1BB648C-34EF-4278-888C-DB9CA61BD0F2}.Debug|x86.Build.0 = Debug|Win32
		{C1BB648C-34EF-4278-888C-DB9CA61BD0F2}.Release|x64.ActiveCfg = Release|x64
		{C1BB648C-34EF-4278-888C-DB9CA61BD0F2}.Release|x64.Build.0 = Release|x64
		{C1BB648C-34EF-4278-888C-DB9CA61BD0F2}.Release|x86.ActiveCfg = Release|Win32
		{C1BB648C-34EF-4278-888C-DB9CA61BD0F2}.Release|x86.Build.0 = Release|Win32
	EndGlobalSection
	GlobalSection(SolutionProperties) = preSolution
		HideSolutionNode = FALSE
	EndGlobalSection
	GlobalSection(ExtensibilityGlobals) = postSolution
		SolutionGuid = {3E4B34F8-47C7-4270-85E4-6FC48EDDAE43}
	EndGlobalSection
EndGlobal
